<?xml version="1.0" encoding="utf-8"?>
<Project ToolsVersion="4.0" xmlns="http://schemas.microsoft.com/developer/msbuild/2003">
  <ItemGroup>
    <ClCompile Include="Render\Camera.cpp">
      <Filter>Render</Filter>
    </ClCompile>
    <ClCompile Include="Render\Render.cpp">
      <Filter>Render</Filter>
    </ClCompile>
    <ClCompile Include="callbacks.cpp" />
    <ClCompile Include="main.cpp" />
    <ClCompile Include="Particle.cpp" />
    <ClCompile Include="ParticleAnchoredSpring.cpp" />
    <ClCompile Include="ParticleBuoyancy.cpp" />
    <ClCompile Include="ParticleCable.cpp" />
    <ClCompile Include="ParticleCollisionRegistry.cpp" />
    <ClCompile Include="ParticleContact.cpp" />
    <ClCompile Include="ParticleContactGenerator.cpp" />
    <ClCompile Include="ParticleContactResolver.cpp" />
    <ClCompile Include="ParticleDrag.cpp" />
    <ClCompile Include="ParticleExplosion.cpp" />
    <ClCompile Include="ParticleForceGenerator.cpp" />
    <ClCompile Include="ParticleForceRegistry.cpp" />
    <ClCompile Include="ParticleGravity.cpp" />
    <ClCompile Include="ParticleLink.cpp" />
    <ClCompile Include="ParticleRod.cpp" />
    <ClCompile Include="ParticleSpring.cpp" />
    <ClCompile Include="ParticleSystem.cpp" />
    <ClCompile Include="ParticleSystemRigid.cpp" />
    <ClCompile Include="ParticleWind.cpp" />
    <ClCompile Include="RenderUtils.cpp" />
    <ClCompile Include="ParticleRigid.cpp" />
  </ItemGroup>
  <ItemGroup>
    <ClInclude Include="Render\Camera.h">
      <Filter>Render</Filter>
    </ClInclude>
    <ClInclude Include="Render\Render.h">
      <Filter>Render</Filter>
    </ClInclude>
    <ClInclude Include="callbacks.hpp" />
    <ClInclude Include="core.hpp" />
    <ClInclude Include="Particle.h" />
    <ClInclude Include="ParticleAnchoredSpring.h" />
    <ClInclude Include="ParticleBuoyancy.h" />
    <ClInclude Include="ParticleCable.h" />
    <ClInclude Include="ParticleCollisionRegistry.h" />
    <ClInclude Include="ParticleContact.h" />
    <ClInclude Include="ParticleContactGenerator.h" />
    <ClInclude Include="ParticleContactResolver.h" />
    <ClInclude Include="ParticleDrag.h" />
    <ClInclude Include="ParticleExplosion.h" />
    <ClInclude Include="ParticleForceGenerator.h" />
    <ClInclude Include="ParticleForceRegistry.h" />
    <ClInclude Include="ParticleGravity.h" />
    <ClInclude Include="ParticleLink.h" />
    <ClInclude Include="ParticleRod.h" />
    <ClInclude Include="ParticleSpring.h" />
    <ClInclude Include="ParticleSystem.h" />
    <ClInclude Include="ParticleSystemRigid.h" />
    <ClInclude Include="ParticleWind.h" />
    <ClInclude Include="RenderUtils.hpp" />
    <ClInclude Include="ParticleRigid.h" />
  </ItemGroup>
  <ItemGroup>
    <Filter Include="Render">
      <UniqueIdentifier>{d04b4f9f-5a69-465e-8070-25c6d0bcd3c2}</UniqueIdentifier>
    </Filter>
  </ItemGroup>
</Project>